
Microsoft Visual Studio Solution File, Format Version 12.00
# Visual Studio Version 16
VisualStudioVersion = 16.0.29503.13
MinimumVisualStudioVersion = 10.0.40219.1
Project("{9A19103F-16F7-4668-BE54-9A1E7A4F7556}") = "Taxi.Web", "Taxi.Web\Taxi.Web.csproj", "{F8C81C7C-F69B-4DDB-BD48-1142EA777E93}"
EndProject
Project("{9A19103F-16F7-4668-BE54-9A1E7A4F7556}") = "Taxi.Prism", "Taxi.Prism\Taxi.Prism\Taxi.Prism.csproj", "{40B2AB6A-B2C5-4A7B-B5C6-1E6C4B4F30FB}"
EndProject
Project("{FAE04EC0-301F-11D3-BF4B-00C04F79EFBC}") = "Taxi.Prism.Android", "Taxi.Prism\Taxi.Prism.Android\Taxi.Prism.Android.csproj", "{E40A5195-D209-4F06-A82C-6FBE5BC9C01F}"
EndProject
Project("{FAE04EC0-301F-11D3-BF4B-00C04F79EFBC}") = "Taxi.Prism.iOS", "Taxi.Prism\Taxi.Prism.iOS\Taxi.Prism.iOS.csproj", "{F6ACB782-27AF-477B-AF6F-9B535CA2C1AA}"
EndProject
Project("{9A19103F-16F7-4668-BE54-9A1E7A4F7556}") = "Taxi.Common", "Taxi.Common\Taxi.Common.csproj", "{3C71F0B6-1F62-49AD-B7D8-5740810D353D}"
EndProject
Project("{FAE04EC0-301F-11D3-BF4B-00C04F79EFBC}") = "Taxi.Cross.Android", "Taxi.Cross.Android\Taxi.Cross.Android.csproj", "{BB25F5E2-A382-4AF0-A147-AD921259E6F3}"
EndProject
Project("{FAE04EC0-301F-11D3-BF4B-00C04F79EFBC}") = "Taxi.Cross.Ios", "Taxi.Cross.Ios\Taxi.Cross.Ios.csproj", "{A4241263-7292-4C43-998B-0313AC80FFEF}"
EndProject
Global
	GlobalSection(SolutionConfigurationPlatforms) = preSolution
		Ad-Hoc|Any CPU = Ad-Hoc|Any CPU
		Ad-Hoc|iPhone = Ad-Hoc|iPhone
		Ad-Hoc|iPhoneSimulator = Ad-Hoc|iPhoneSimulator
		AppStore|Any CPU = AppStore|Any CPU
		AppStore|iPhone = AppStore|iPhone
		AppStore|iPhoneSimulator = AppStore|iPhoneSimulator
		Debug|Any CPU = Debug|Any CPU
		Debug|iPhone = Debug|iPhone
		Debug|iPhoneSimulator = Debug|iPhoneSimulator
		Release|Any CPU = Release|Any CPU
		Release|iPhone = Release|iPhone
		Release|iPhoneSimulator = Release|iPhoneSimulator
	EndGlobalSection
	GlobalSection(ProjectConfigurationPlatforms) = postSolution
		{F8C81C7C-F69B-4DDB-BD48-1142EA777E93}.Ad-Hoc|Any CPU.ActiveCfg = Debug|Any CPU
		{F8C81C7C-F69B-4DDB-BD48-1142EA777E93}.Ad-Hoc|Any CPU.Build.0 = Debug|Any CPU
		{F8C81C7C-F69B-4DDB-BD48-1142EA777E93}.Ad-Hoc|iPhone.ActiveCfg = Debug|Any CPU
		{F8C81C7C-F69B-4DDB-BD48-1142EA777E93}.Ad-Hoc|iPhone.Build.0 = Debug|Any CPU
		{F8C81C7C-F69B-4DDB-BD48-1142EA777E93}.Ad-Hoc|iPhoneSimulator.ActiveCfg = Debug|Any CPU
		{F8C81C7C-F69B-4DDB-BD48-1142EA777E93}.Ad-Hoc|iPhoneSimulator.Build.0 = Debug|Any CPU
		{F8C81C7C-F69B-4DDB-BD48-1142EA777E93}.AppStore|Any CPU.ActiveCfg = Debug|Any CPU
		{F8C81C7C-F69B-4DDB-BD48-1142EA777E93}.AppStore|Any CPU.Build.0 = Debug|Any CPU
		{F8C81C7C-F69B-4DDB-BD48-1142EA777E93}.AppStore|iPhone.ActiveCfg = Debug|Any CPU
		{F8C81C7C-F69B-4DDB-BD48-1142EA777E93}.AppStore|iPhone.Build.0 = Debug|Any CPU
		{F8C81C7C-F69B-4DDB-BD48-1142EA777E93}.AppStore|iPhoneSimulator.ActiveCfg = Debug|Any CPU
		{F8C81C7C-F69B-4DDB-BD48-1142EA777E93}.AppStore|iPhoneSimulator.Build.0 = Debug|Any CPU
		{F8C81C7C-F69B-4DDB-BD48-1142EA777E93}.Debug|Any CPU.ActiveCfg = Debug|Any CPU
		{F8C81C7C-F69B-4DDB-BD48-1142EA777E93}.Debug|Any CPU.Build.0 = Debug|Any CPU
		{F8C81C7C-F69B-4DDB-BD48-1142EA777E93}.Debug|iPhone.ActiveCfg = Debug|Any CPU
		{F8C81C7C-F69B-4DDB-BD48-1142EA777E93}.Debug|iPhone.Build.0 = Debug|Any CPU
		{F8C81C7C-F69B-4DDB-BD48-1142EA777E93}.Debug|iPhoneSimulator.ActiveCfg = Debug|Any CPU
		{F8C81C7C-F69B-4DDB-BD48-1142EA777E93}.Debug|iPhoneSimulator.Build.0 = Debug|Any CPU
		{F8C81C7C-F69B-4DDB-BD48-1142EA777E93}.Release|Any CPU.ActiveCfg = Release|Any CPU
		{F8C81C7C-F69B-4DDB-BD48-1142EA777E93}.Release|Any CPU.Build.0 = Release|Any CPU
		{F8C81C7C-F69B-4DDB-BD48-1142EA777E93}.Release|iPhone.ActiveCfg = Release|Any CPU
		{F8C81C7C-F69B-4DDB-BD48-1142EA777E93}.Release|iPhone.Build.0 = Release|Any CPU
		{F8C81C7C-F69B-4DDB-BD48-1142EA777E93}.Release|iPhoneSimulator.ActiveCfg = Release|Any CPU
		{F8C81C7C-F69B-4DDB-BD48-1142EA777E93}.Release|iPhoneSimulator.Build.0 = Release|Any CPU
		{40B2AB6A-B2C5-4A7B-B5C6-1E6C4B4F30FB}.Ad-Hoc|Any CPU.ActiveCfg = Debug|Any CPU
		{40B2AB6A-B2C5-4A7B-B5C6-1E6C4B4F30FB}.Ad-Hoc|Any CPU.Build.0 = Debug|Any CPU
		{40B2AB6A-B2C5-4A7B-B5C6-1E6C4B4F30FB}.Ad-Hoc|iPhone.ActiveCfg = Debug|Any CPU
		{40B2AB6A-B2C5-4A7B-B5C6-1E6C4B4F30FB}.Ad-Hoc|iPhone.Build.0 = Debug|Any CPU
		{40B2AB6A-B2C5-4A7B-B5C6-1E6C4B4F30FB}.Ad-Hoc|iPhoneSimulator.ActiveCfg = Debug|Any CPU
		{40B2AB6A-B2C5-4A7B-B5C6-1E6C4B4F30FB}.Ad-Hoc|iPhoneSimulator.Build.0 = Debug|Any CPU
		{40B2AB6A-B2C5-4A7B-B5C6-1E6C4B4F30FB}.AppStore|Any CPU.ActiveCfg = Debug|Any CPU
		{40B2AB6A-B2C5-4A7B-B5C6-1E6C4B4F30FB}.AppStore|Any CPU.Build.0 = Debug|Any CPU
		{40B2AB6A-B2C5-4A7B-B5C6-1E6C4B4F30FB}.AppStore|iPhone.ActiveCfg = Debug|Any CPU
		{40B2AB6A-B2C5-4A7B-B5C6-1E6C4B4F30FB}.AppStore|iPhone.Build.0 = Debug|Any CPU
		{40B2AB6A-B2C5-4A7B-B5C6-1E6C4B4F30FB}.AppStore|iPhoneSimulator.ActiveCfg = Debug|Any CPU
		{40B2AB6A-B2C5-4A7B-B5C6-1E6C4B4F30FB}.AppStore|iPhoneSimulator.Build.0 = Debug|Any CPU
		{40B2AB6A-B2C5-4A7B-B5C6-1E6C4B4F30FB}.Debug|Any CPU.ActiveCfg = Debug|Any CPU
		{40B2AB6A-B2C5-4A7B-B5C6-1E6C4B4F30FB}.Debug|Any CPU.Build.0 = Debug|Any CPU
		{40B2AB6A-B2C5-4A7B-B5C6-1E6C4B4F30FB}.Debug|iPhone.ActiveCfg = Debug|Any CPU
		{40B2AB6A-B2C5-4A7B-B5C6-1E6C4B4F30FB}.Debug|iPhone.Build.0 = Debug|Any CPU
		{40B2AB6A-B2C5-4A7B-B5C6-1E6C4B4F30FB}.Debug|iPhoneSimulator.ActiveCfg = Debug|Any CPU
		{40B2AB6A-B2C5-4A7B-B5C6-1E6C4B4F30FB}.Debug|iPhoneSimulator.Build.0 = Debug|Any CPU
		{40B2AB6A-B2C5-4A7B-B5C6-1E6C4B4F30FB}.Release|Any CPU.ActiveCfg = Release|Any CPU
		{40B2AB6A-B2C5-4A7B-B5C6-1E6C4B4F30FB}.Release|Any CPU.Build.0 = Release|Any CPU
		{40B2AB6A-B2C5-4A7B-B5C6-1E6C4B4F30FB}.Release|iPhone.ActiveCfg = Release|Any CPU
		{40B2AB6A-B2C5-4A7B-B5C6-1E6C4B4F30FB}.Release|iPhone.Build.0 = Release|Any CPU
		{40B2AB6A-B2C5-4A7B-B5C6-1E6C4B4F30FB}.Release|iPhoneSimulator.ActiveCfg = Release|Any CPU
		{40B2AB6A-B2C5-4A7B-B5C6-1E6C4B4F30FB}.Release|iPhoneSimulator.Build.0 = Release|Any CPU
		{E40A5195-D209-4F06-A82C-6FBE5BC9C01F}.Ad-Hoc|Any CPU.ActiveCfg = Release|Any CPU
		{E40A5195-D209-4F06-A82C-6FBE5BC9C01F}.Ad-Hoc|Any CPU.Build.0 = Release|Any CPU
		{E40A5195-D209-4F06-A82C-6FBE5BC9C01F}.Ad-Hoc|Any CPU.Deploy.0 = Release|Any CPU
		{E40A5195-D209-4F06-A82C-6FBE5BC9C01F}.Ad-Hoc|iPhone.ActiveCfg = Release|Any CPU
		{E40A5195-D209-4F06-A82C-6FBE5BC9C01F}.Ad-Hoc|iPhone.Build.0 = Release|Any CPU
		{E40A5195-D209-4F06-A82C-6FBE5BC9C01F}.Ad-Hoc|iPhone.Deploy.0 = Release|Any CPU
		{E40A5195-D209-4F06-A82C-6FBE5BC9C01F}.Ad-Hoc|iPhoneSimulator.ActiveCfg = Release|Any CPU
		{E40A5195-D209-4F06-A82C-6FBE5BC9C01F}.Ad-Hoc|iPhoneSimulator.Build.0 = Release|Any CPU
		{E40A5195-D209-4F06-A82C-6FBE5BC9C01F}.Ad-Hoc|iPhoneSimulator.Deploy.0 = Release|Any CPU
		{E40A5195-D209-4F06-A82C-6FBE5BC9C01F}.AppStore|Any CPU.ActiveCfg = Release|Any CPU
		{E40A5195-D209-4F06-A82C-6FBE5BC9C01F}.AppStore|Any CPU.Build.0 = Release|Any CPU
		{E40A5195-D209-4F06-A82C-6FBE5BC9C01F}.AppStore|Any CPU.Deploy.0 = Release|Any CPU
		{E40A5195-D209-4F06-A82C-6FBE5BC9C01F}.AppStore|iPhone.ActiveCfg = Release|Any CPU
		{E40A5195-D209-4F06-A82C-6FBE5BC9C01F}.AppStore|iPhone.Build.0 = Release|Any CPU
		{E40A5195-D209-4F06-A82C-6FBE5BC9C01F}.AppStore|iPhone.Deploy.0 = Release|Any CPU
		{E40A5195-D209-4F06-A82C-6FBE5BC9C01F}.AppStore|iPhoneSimulator.ActiveCfg = Release|Any CPU
		{E40A5195-D209-4F06-A82C-6FBE5BC9C01F}.AppStore|iPhoneSimulator.Build.0 = Release|Any CPU
		{E40A5195-D209-4F06-A82C-6FBE5BC9C01F}.AppStore|iPhoneSimulator.Deploy.0 = Release|Any CPU
		{E40A5195-D209-4F06-A82C-6FBE5BC9C01F}.Debug|Any CPU.ActiveCfg = Debug|Any CPU
		{E40A5195-D209-4F06-A82C-6FBE5BC9C01F}.Debug|Any CPU.Build.0 = Debug|Any CPU
		{E40A5195-D209-4F06-A82C-6FBE5BC9C01F}.Debug|Any CPU.Deploy.0 = Debug|Any CPU
		{E40A5195-D209-4F06-A82C-6FBE5BC9C01F}.Debug|iPhone.ActiveCfg = Debug|Any CPU
		{E40A5195-D209-4F06-A82C-6FBE5BC9C01F}.Debug|iPhone.Build.0 = Debug|Any CPU
		{E40A5195-D209-4F06-A82C-6FBE5BC9C01F}.Debug|iPhone.Deploy.0 = Debug|Any CPU
		{E40A5195-D209-4F06-A82C-6FBE5BC9C01F}.Debug|iPhoneSimulator.ActiveCfg = Debug|Any CPU
		{E40A5195-D209-4F06-A82C-6FBE5BC9C01F}.Debug|iPhoneSimulator.Build.0 = Debug|Any CPU
		{E40A5195-D209-4F06-A82C-6FBE5BC9C01F}.Debug|iPhoneSimulator.Deploy.0 = Debug|Any CPU
		{E40A5195-D209-4F06-A82C-6FBE5BC9C01F}.Release|Any CPU.ActiveCfg = Release|Any CPU
		{E40A5195-D209-4F06-A82C-6FBE5BC9C01F}.Release|Any CPU.Build.0 = Release|Any CPU
		{E40A5195-D209-4F06-A82C-6FBE5BC9C01F}.Release|Any CPU.Deploy.0 = Release|Any CPU
		{E40A5195-D209-4F06-A82C-6FBE5BC9C01F}.Release|iPhone.ActiveCfg = Release|Any CPU
		{E40A5195-D209-4F06-A82C-6FBE5BC9C01F}.Release|iPhone.Build.0 = Release|Any CPU
		{E40A5195-D209-4F06-A82C-6FBE5BC9C01F}.Release|iPhone.Deploy.0 = Release|Any CPU
		{E40A5195-D209-4F06-A82C-6FBE5BC9C01F}.Release|iPhoneSimulator.ActiveCfg = Release|Any CPU
		{E40A5195-D209-4F06-A82C-6FBE5BC9C01F}.Release|iPhoneSimulator.Build.0 = Release|Any CPU
		{E40A5195-D209-4F06-A82C-6FBE5BC9C01F}.Release|iPhoneSimulator.Deploy.0 = Release|Any CPU
		{F6ACB782-27AF-477B-AF6F-9B535CA2C1AA}.Ad-Hoc|Any CPU.ActiveCfg = Ad-Hoc|iPhone
		{F6ACB782-27AF-477B-AF6F-9B535CA2C1AA}.Ad-Hoc|iPhone.ActiveCfg = Ad-Hoc|iPhone
		{F6ACB782-27AF-477B-AF6F-9B535CA2C1AA}.Ad-Hoc|iPhone.Build.0 = Ad-Hoc|iPhone
		{F6ACB782-27AF-477B-AF6F-9B535CA2C1AA}.Ad-Hoc|iPhoneSimulator.ActiveCfg = Ad-Hoc|iPhoneSimulator
		{F6ACB782-27AF-477B-AF6F-9B535CA2C1AA}.Ad-Hoc|iPhoneSimulator.Build.0 = Ad-Hoc|iPhoneSimulator
		{F6ACB782-27AF-477B-AF6F-9B535CA2C1AA}.AppStore|Any CPU.ActiveCfg = AppStore|iPhone
		{F6ACB782-27AF-477B-AF6F-9B535CA2C1AA}.AppStore|iPhone.ActiveCfg = AppStore|iPhone
		{F6ACB782-27AF-477B-AF6F-9B535CA2C1AA}.AppStore|iPhone.Build.0 = AppStore|iPhone
		{F6ACB782-27AF-477B-AF6F-9B535CA2C1AA}.AppStore|iPhoneSimulator.ActiveCfg = AppStore|iPhoneSimulator
		{F6ACB782-27AF-477B-AF6F-9B535CA2C1AA}.AppStore|iPhoneSimulator.Build.0 = AppStore|iPhoneSimulator
		{F6ACB782-27AF-477B-AF6F-9B535CA2C1AA}.Debug|Any CPU.ActiveCfg = Debug|iPhone
		{F6ACB782-27AF-477B-AF6F-9B535CA2C1AA}.Debug|iPhone.ActiveCfg = Debug|iPhone
		{F6ACB782-27AF-477B-AF6F-9B535CA2C1AA}.Debug|iPhone.Build.0 = Debug|iPhone
		{F6ACB782-27AF-477B-AF6F-9B535CA2C1AA}.Debug|iPhoneSimulator.ActiveCfg = Debug|iPhoneSimulator
		{F6ACB782-27AF-477B-AF6F-9B535CA2C1AA}.Debug|iPhoneSimulator.Build.0 = Debug|iPhoneSimulator
		{F6ACB782-27AF-477B-AF6F-9B535CA2C1AA}.Release|Any CPU.ActiveCfg = Release|iPhone
		{F6ACB782-27AF-477B-AF6F-9B535CA2C1AA}.Release|iPhone.ActiveCfg = Release|iPhone
		{F6ACB782-27AF-477B-AF6F-9B535CA2C1AA}.Release|iPhone.Build.0 = Release|iPhone
		{F6ACB782-27AF-477B-AF6F-9B535CA2C1AA}.Release|iPhoneSimulator.ActiveCfg = Release|iPhoneSimulator
		{F6ACB782-27AF-477B-AF6F-9B535CA2C1AA}.Release|iPhoneSimulator.Build.0 = Release|iPhoneSimulator
		{3C71F0B6-1F62-49AD-B7D8-5740810D353D}.Ad-Hoc|Any CPU.ActiveCfg = Debug|Any CPU
		{3C71F0B6-1F62-49AD-B7D8-5740810D353D}.Ad-Hoc|Any CPU.Build.0 = Debug|Any CPU
		{3C71F0B6-1F62-49AD-B7D8-5740810D353D}.Ad-Hoc|iPhone.ActiveCfg = Debug|Any CPU
		{3C71F0B6-1F62-49AD-B7D8-5740810D353D}.Ad-Hoc|iPhone.Build.0 = Debug|Any CPU
		{3C71F0B6-1F62-49AD-B7D8-5740810D353D}.Ad-Hoc|iPhoneSimulator.ActiveCfg = Debug|Any CPU
		{3C71F0B6-1F62-49AD-B7D8-5740810D353D}.Ad-Hoc|iPhoneSimulator.Build.0 = Debug|Any CPU
		{3C71F0B6-1F62-49AD-B7D8-5740810D353D}.AppStore|Any CPU.ActiveCfg = Debug|Any CPU
		{3C71F0B6-1F62-49AD-B7D8-5740810D353D}.AppStore|Any CPU.Build.0 = Debug|Any CPU
		{3C71F0B6-1F62-49AD-B7D8-5740810D353D}.AppStore|iPhone.ActiveCfg = Debug|Any CPU
		{3C71F0B6-1F62-49AD-B7D8-5740810D353D}.AppStore|iPhone.Build.0 = Debug|Any CPU
		{3C71F0B6-1F62-49AD-B7D8-5740810D353D}.AppStore|iPhoneSimulator.ActiveCfg = Debug|Any CPU
		{3C71F0B6-1F62-49AD-B7D8-5740810D353D}.AppStore|iPhoneSimulator.Build.0 = Debug|Any CPU
		{3C71F0B6-1F62-49AD-B7D8-5740810D353D}.Debug|Any CPU.ActiveCfg = Debug|Any CPU
		{3C71F0B6-1F62-49AD-B7D8-5740810D353D}.Debug|Any CPU.Build.0 = Debug|Any CPU
		{3C71F0B6-1F62-49AD-B7D8-5740810D353D}.Debug|iPhone.ActiveCfg = Debug|Any CPU
		{3C71F0B6-1F62-49AD-B7D8-5740810D353D}.Debug|iPhone.Build.0 = Debug|Any CPU
		{3C71F0B6-1F62-49AD-B7D8-5740810D353D}.Debug|iPhoneSimulator.ActiveCfg = Debug|Any CPU
		{3C71F0B6-1F62-49AD-B7D8-5740810D353D}.Debug|iPhoneSimulator.Build.0 = Debug|Any CPU
		{3C71F0B6-1F62-49AD-B7D8-5740810D353D}.Release|Any CPU.ActiveCfg = Release|Any CPU
		{3C71F0B6-1F62-49AD-B7D8-5740810D353D}.Release|Any CPU.Build.0 = Release|Any CPU
		{3C71F0B6-1F62-49AD-B7D8-5740810D353D}.Release|iPhone.ActiveCfg = Release|Any CPU
		{3C71F0B6-1F62-49AD-B7D8-5740810D353D}.Release|iPhone.Build.0 = Release|Any CPU
		{3C71F0B6-1F62-49AD-B7D8-5740810D353D}.Release|iPhoneSimulator.ActiveCfg = Release|Any CPU
		{3C71F0B6-1F62-49AD-B7D8-5740810D353D}.Release|iPhoneSimulator.Build.0 = Release|Any CPU
		{BB25F5E2-A382-4AF0-A147-AD921259E6F3}.Ad-Hoc|Any CPU.ActiveCfg = Release|Any CPU
		{BB25F5E2-A382-4AF0-A147-AD921259E6F3}.Ad-Hoc|Any CPU.Build.0 = Release|Any CPU
		{BB25F5E2-A382-4AF0-A147-AD921259E6F3}.Ad-Hoc|Any CPU.Deploy.0 = Release|Any CPU
		{BB25F5E2-A382-4AF0-A147-AD921259E6F3}.Ad-Hoc|iPhone.ActiveCfg = Release|Any CPU
		{BB25F5E2-A382-4AF0-A147-AD921259E6F3}.Ad-Hoc|iPhone.Build.0 = Release|Any CPU
		{BB25F5E2-A382-4AF0-A147-AD921259E6F3}.Ad-Hoc|iPhone.Deploy.0 = Release|Any CPU
		{BB25F5E2-A382-4AF0-A147-AD921259E6F3}.Ad-Hoc|iPhoneSimulator.ActiveCfg = Release|Any CPU
		{BB25F5E2-A382-4AF0-A147-AD921259E6F3}.Ad-Hoc|iPhoneSimulator.Build.0 = Release|Any CPU
		{BB25F5E2-A382-4AF0-A147-AD921259E6F3}.Ad-Hoc|iPhoneSimulator.Deploy.0 = Release|Any CPU
		{BB25F5E2-A382-4AF0-A147-AD921259E6F3}.AppStore|Any CPU.ActiveCfg = Release|Any CPU
		{BB25F5E2-A382-4AF0-A147-AD921259E6F3}.AppStore|Any CPU.Build.0 = Release|Any CPU
		{BB25F5E2-A382-4AF0-A147-AD921259E6F3}.AppStore|Any CPU.Deploy.0 = Release|Any CPU
		{BB25F5E2-A382-4AF0-A147-AD921259E6F3}.AppStore|iPhone.ActiveCfg = Release|Any CPU
		{BB25F5E2-A382-4AF0-A147-AD921259E6F3}.AppStore|iPhone.Build.0 = Release|Any CPU
		{BB25F5E2-A382-4AF0-A147-AD921259E6F3}.AppStore|iPhone.Deploy.0 = Release|Any CPU
		{BB25F5E2-A382-4AF0-A147-AD921259E6F3}.AppStore|iPhoneSimulator.ActiveCfg = Release|Any CPU
		{BB25F5E2-A382-4AF0-A147-AD921259E6F3}.AppStore|iPhoneSimulator.Build.0 = Release|Any CPU
		{BB25F5E2-A382-4AF0-A147-AD921259E6F3}.AppStore|iPhoneSimulator.Deploy.0 = Release|Any CPU
		{BB25F5E2-A382-4AF0-A147-AD921259E6F3}.Debug|Any CPU.ActiveCfg = Debug|Any CPU
		{BB25F5E2-A382-4AF0-A147-AD921259E6F3}.Debug|Any CPU.Build.0 = Debug|Any CPU
		{BB25F5E2-A382-4AF0-A147-AD921259E6F3}.Debug|Any CPU.Deploy.0 = Debug|Any CPU
		{BB25F5E2-A382-4AF0-A147-AD921259E6F3}.Debug|iPhone.ActiveCfg = Debug|Any CPU
		{BB25F5E2-A382-4AF0-A147-AD921259E6F3}.Debug|iPhone.Build.0 = Debug|Any CPU
		{BB25F5E2-A382-4AF0-A147-AD921259E6F3}.Debug|iPhone.Deploy.0 = Debug|Any CPU
		{BB25F5E2-A382-4AF0-A147-AD921259E6F3}.Debug|iPhoneSimulator.ActiveCfg = Debug|Any CPU
		{BB25F5E2-A382-4AF0-A147-AD921259E6F3}.Debug|iPhoneSimulator.Build.0 = Debug|Any CPU
		{BB25F5E2-A382-4AF0-A147-AD921259E6F3}.Debug|iPhoneSimulator.Deploy.0 = Debug|Any CPU
		{BB25F5E2-A382-4AF0-A147-AD921259E6F3}.Release|Any CPU.ActiveCfg = Release|Any CPU
		{BB25F5E2-A382-4AF0-A147-AD921259E6F3}.Release|Any CPU.Build.0 = Release|Any CPU
		{BB25F5E2-A382-4AF0-A147-AD921259E6F3}.Release|Any CPU.Deploy.0 = Release|Any CPU
		{BB25F5E2-A382-4AF0-A147-AD921259E6F3}.Release|iPhone.ActiveCfg = Release|Any CPU
		{BB25F5E2-A382-4AF0-A147-AD921259E6F3}.Release|iPhone.Build.0 = Release|Any CPU
		{BB25F5E2-A382-4AF0-A147-AD921259E6F3}.Release|iPhone.Deploy.0 = Release|Any CPU
		{BB25F5E2-A382-4AF0-A147-AD921259E6F3}.Release|iPhoneSimulator.ActiveCfg = Release|Any CPU
		{BB25F5E2-A382-4AF0-A147-AD921259E6F3}.Release|iPhoneSimulator.Build.0 = Release|Any CPU
		{BB25F5E2-A382-4AF0-A147-AD921259E6F3}.Release|iPhoneSimulator.Deploy.0 = Release|Any CPU
		{A4241263-7292-4C43-998B-0313AC80FFEF}.Ad-Hoc|Any CPU.ActiveCfg = Release|iPhone
		{A4241263-7292-4C43-998B-0313AC80FFEF}.Ad-Hoc|Any CPU.Build.0 = Release|iPhone
		{A4241263-7292-4C43-998B-0313AC80FFEF}.Ad-Hoc|iPhone.ActiveCfg = Release|iPhone
		{A4241263-7292-4C43-998B-0313AC80FFEF}.Ad-Hoc|iPhone.Build.0 = Release|iPhone
		{A4241263-7292-4C43-998B-0313AC80FFEF}.Ad-Hoc|iPhoneSimulator.ActiveCfg = Release|iPhoneSimulator
		{A4241263-7292-4C43-998B-0313AC80FFEF}.Ad-Hoc|iPhoneSimulator.Build.0 = Release|iPhoneSimulator
		{A4241263-7292-4C43-998B-0313AC80FFEF}.AppStore|Any CPU.ActiveCfg = Release|iPhone
		{A4241263-7292-4C43-998B-0313AC80FFEF}.AppStore|Any CPU.Build.0 = Release|iPhone
		{A4241263-7292-4C43-998B-0313AC80FFEF}.AppStore|iPhone.ActiveCfg = Release|iPhone
		{A4241263-7292-4C43-998B-0313AC80FFEF}.AppStore|iPhone.Build.0 = Release|iPhone
		{A4241263-7292-4C43-998B-0313AC80FFEF}.AppStore|iPhoneSimulator.ActiveCfg = Release|iPhoneSimulator
		{A4241263-7292-4C43-998B-0313AC80FFEF}.AppStore|iPhoneSimulator.Build.0 = Release|iPhoneSimulator
		{A4241263-7292-4C43-998B-0313AC80FFEF}.Debug|Any CPU.ActiveCfg = Debug|iPhone
		{A4241263-7292-4C43-998B-0313AC80FFEF}.Debug|iPhone.ActiveCfg = Debug|iPhone
		{A4241263-7292-4C43-998B-0313AC80FFEF}.Debug|iPhone.Build.0 = Debug|iPhone
		{A4241263-7292-4C43-998B-0313AC80FFEF}.Debug|iPhoneSimulator.ActiveCfg = Debug|iPhoneSimulator
		{A4241263-7292-4C43-998B-0313AC80FFEF}.Debug|iPhoneSimulator.Build.0 = Debug|iPhoneSimulator
		{A4241263-7292-4C43-998B-0313AC80FFEF}.Release|Any CPU.ActiveCfg = Release|iPhone
		{A4241263-7292-4C43-998B-0313AC80FFEF}.Release|iPhone.ActiveCfg = Release|iPhone
		{A4241263-7292-4C43-998B-0313AC80FFEF}.Release|iPhone.Build.0 = Release|iPhone
		{A4241263-7292-4C43-998B-0313AC80FFEF}.Release|iPhoneSimulator.ActiveCfg = Release|iPhoneSimulator
		{A4241263-7292-4C43-998B-0313AC80FFEF}.Release|iPhoneSimulator.Build.0 = Release|iPhoneSimulator
	EndGlobalSection
	GlobalSection(SolutionProperties) = preSolution
		HideSolutionNode = FALSE
	EndGlobalSection
	GlobalSection(ExtensibilityGlobals) = postSolution
		SolutionGuid = {31202133-524D-4CC8-900B-165C52ACD27A}
	EndGlobalSection
EndGlobal
